
Microsoft Visual Studio Solution File, Format Version 12.00
# Visual Studio 2013
VisualStudioVersion = 12.0.40629.0
MinimumVisualStudioVersion = 10.0.40219.1
Project("{2150E333-8FDC-42A3-9474-1A3956D46DE8}") = "Business", "Business", "{D7AF02E0-C5D1-4BCD-9D43-56D6BD38A7C3}"
EndProject
Project("{2150E333-8FDC-42A3-9474-1A3956D46DE8}") = "Client", "Client", "{493BE2EE-6131-4EA8-B143-A5487751DE33}"
EndProject
Project("{2150E333-8FDC-42A3-9474-1A3956D46DE8}") = "Hosting", "Hosting", "{5ABF58D8-F6B8-4C56-8F13-BEE6670D1D82}"
EndProject
Project("{2150E333-8FDC-42A3-9474-1A3956D46DE8}") = "Common", "Common", "{25D03214-5247-4F16-8971-B52B1865381B}"
EndProject
Project("{2150E333-8FDC-42A3-9474-1A3956D46DE8}") = "Core", "Core", "{D5A65BD6-1964-48A3-A57F-54E216F7F1D9}"
EndProject
Project("{2150E333-8FDC-42A3-9474-1A3956D46DE8}") = "Resource Access", "Resource Access", "{B7FCFF26-3EE2-4C7B-A3E2-A0F1C7E30C76}"
EndProject
Project("{FAE04EC0-301F-11D3-BF4B-00C04F79EFBC}") = "MoviesDB.Client.IoC", "MoviesDB.Client.IoC\MoviesDB.Client.IoC.csproj", "{82684084-13E5-400F-B12E-B1377BC0CCF9}"
EndProject
Project("{FAE04EC0-301F-11D3-BF4B-00C04F79EFBC}") = "MoviesDB.Client.Entities", "MoviesDB.Client.Entities\MoviesDB.Client.Entities.csproj", "{A74D6FB0-6756-45A3-BDF0-7B2AC3544F59}"
EndProject
Project("{FAE04EC0-301F-11D3-BF4B-00C04F79EFBC}") = "MoviesDB.Client.Proxies", "MoviesDB.Client.Proxies\MoviesDB.Client.Proxies.csproj", "{B45DF093-46E0-44C5-A584-47AC3B62B93A}"
EndProject
Project("{FAE04EC0-301F-11D3-BF4B-00C04F79EFBC}") = "MoviesDB.Client.Contracts", "MoviesDB.Client.Contracts\MoviesDB.Client.Contracts.csproj", "{E7745693-4F71-40E6-981D-0BE52BAD266C}"
EndProject
Project("{FAE04EC0-301F-11D3-BF4B-00C04F79EFBC}") = "MoviesDB.Business.IoC", "MoviesDB.Business.IoC\MoviesDB.Business.IoC.csproj", "{0AFA7E8F-9E9E-4869-A687-AF4383423A4A}"
EndProject
Project("{FAE04EC0-301F-11D3-BF4B-00C04F79EFBC}") = "MoviesDB.Business.Entities", "MoviesDB.Business.Entities\MoviesDB.Business.Entities.csproj", "{00B70F58-250C-4C8F-9A2C-E76DD756FF49}"
EndProject
Project("{FAE04EC0-301F-11D3-BF4B-00C04F79EFBC}") = "MoviesDB.Business.Contracts", "MoviesDB.Business.Contracts\MoviesDB.Business.Contracts.csproj", "{60760C55-51F1-45A8-915C-B393CAD180D5}"
EndProject
Project("{FAE04EC0-301F-11D3-BF4B-00C04F79EFBC}") = "MoviesDB.Business", "MoviesDB.Business\MoviesDB.Business.csproj", "{BAD08B8C-C1F8-4F70-9C76-803804EF418D}"
EndProject
Project("{FAE04EC0-301F-11D3-BF4B-00C04F79EFBC}") = "MoviesDB.Business.Services", "MoviesDB.Business.Managers\MoviesDB.Business.Services.csproj", "{99E42B0D-49C4-4DF7-B041-3E650F3F30F4}"
EndProject
Project("{FAE04EC0-301F-11D3-BF4B-00C04F79EFBC}") = "MoviesDB.Data.Contracts", "MoviesDB.Data.Contracts\MoviesDB.Data.Contracts.csproj", "{339F601C-6F77-4153-907E-5AE42F559BF2}"
EndProject
Project("{FAE04EC0-301F-11D3-BF4B-00C04F79EFBC}") = "MoviesDB.Data", "MoviesDB.Data\MoviesDB.Data.csproj", "{FFA3203E-D1E4-41C4-9E82-BA47B32955ED}"
EndProject
Project("{FAE04EC0-301F-11D3-BF4B-00C04F79EFBC}") = "Core.Common.Contracts", "Core.Common.Contracts\Core.Common.Contracts.csproj", "{8AB809A8-8471-4626-8DF0-51FD8B609458}"
EndProject
Project("{FAE04EC0-301F-11D3-BF4B-00C04F79EFBC}") = "Core.Common", "Core.Common\Core.Common.csproj", "{8E9DBE01-8A6C-4E8F-98C7-37F62C2D4561}"
EndProject
Project("{FAE04EC0-301F-11D3-BF4B-00C04F79EFBC}") = "MoviesDb.Common", "MoviesDb.Common\MoviesDb.Common.csproj", "{A09F8D98-B038-4493-845F-14845C2131EC}"
EndProject
Project("{FAE04EC0-301F-11D3-BF4B-00C04F79EFBC}") = "MoviesDB.Business.Common", "MoviesDB.Business.Common\MoviesDB.Business.Common.csproj", "{DEB2DD45-29F2-4D81-B08C-DA99D0A8A746}"
EndProject
Project("{FAE04EC0-301F-11D3-BF4B-00C04F79EFBC}") = "Core.Common.Proxy", "Core.Common.Proxy\Core.Common.Proxy.csproj", "{3AB904AA-C13A-48C7-AA44-B77B2F23D177}"
EndProject
Project("{FAE04EC0-301F-11D3-BF4B-00C04F79EFBC}") = "MoviesDb.Host", "MoviesDb.Host\MoviesDb.Host.csproj", "{41C6DCE3-4CB2-43AB-9E55-3BEA7614B03F}"
EndProject
Project("{FAE04EC0-301F-11D3-BF4B-00C04F79EFBC}") = "MoviesDb", "MoviesDb\MoviesDb.csproj", "{1CCE7327-19EF-48BB-A026-067C18EB1AF7}"
EndProject
Project("{FAE04EC0-301F-11D3-BF4B-00C04F79EFBC}") = "Test", "Test\Test.csproj", "{2FD093ED-2B40-4BBC-A61B-8BAABF5344D6}"
EndProject
Global
	GlobalSection(SolutionConfigurationPlatforms) = preSolution
		Debug|Any CPU = Debug|Any CPU
		Release|Any CPU = Release|Any CPU
	EndGlobalSection
	GlobalSection(ProjectConfigurationPlatforms) = postSolution
		{82684084-13E5-400F-B12E-B1377BC0CCF9}.Debug|Any CPU.ActiveCfg = Debug|Any CPU
		{82684084-13E5-400F-B12E-B1377BC0CCF9}.Debug|Any CPU.Build.0 = Debug|Any CPU
		{82684084-13E5-400F-B12E-B1377BC0CCF9}.Release|Any CPU.ActiveCfg = Release|Any CPU
		{82684084-13E5-400F-B12E-B1377BC0CCF9}.Release|Any CPU.Build.0 = Release|Any CPU
		{A74D6FB0-6756-45A3-BDF0-7B2AC3544F59}.Debug|Any CPU.ActiveCfg = Debug|Any CPU
		{A74D6FB0-6756-45A3-BDF0-7B2AC3544F59}.Debug|Any CPU.Build.0 = Debug|Any CPU
		{A74D6FB0-6756-45A3-BDF0-7B2AC3544F59}.Release|Any CPU.ActiveCfg = Release|Any CPU
		{A74D6FB0-6756-45A3-BDF0-7B2AC3544F59}.Release|Any CPU.Build.0 = Release|Any CPU
		{B45DF093-46E0-44C5-A584-47AC3B62B93A}.Debug|Any CPU.ActiveCfg = Debug|Any CPU
		{B45DF093-46E0-44C5-A584-47AC3B62B93A}.Debug|Any CPU.Build.0 = Debug|Any CPU
		{B45DF093-46E0-44C5-A584-47AC3B62B93A}.Release|Any CPU.ActiveCfg = Release|Any CPU
		{B45DF093-46E0-44C5-A584-47AC3B62B93A}.Release|Any CPU.Build.0 = Release|Any CPU
		{E7745693-4F71-40E6-981D-0BE52BAD266C}.Debug|Any CPU.ActiveCfg = Debug|Any CPU
		{E7745693-4F71-40E6-981D-0BE52BAD266C}.Debug|Any CPU.Build.0 = Debug|Any CPU
		{E7745693-4F71-40E6-981D-0BE52BAD266C}.Release|Any CPU.ActiveCfg = Release|Any CPU
		{E7745693-4F71-40E6-981D-0BE52BAD266C}.Release|Any CPU.Build.0 = Release|Any CPU
		{0AFA7E8F-9E9E-4869-A687-AF4383423A4A}.Debug|Any CPU.ActiveCfg = Debug|Any CPU
		{0AFA7E8F-9E9E-4869-A687-AF4383423A4A}.Debug|Any CPU.Build.0 = Debug|Any CPU
		{0AFA7E8F-9E9E-4869-A687-AF4383423A4A}.Release|Any CPU.ActiveCfg = Release|Any CPU
		{0AFA7E8F-9E9E-4869-A687-AF4383423A4A}.Release|Any CPU.Build.0 = Release|Any CPU
		{00B70F58-250C-4C8F-9A2C-E76DD756FF49}.Debug|Any CPU.ActiveCfg = Debug|Any CPU
		{00B70F58-250C-4C8F-9A2C-E76DD756FF49}.Debug|Any CPU.Build.0 = Debug|Any CPU
		{00B70F58-250C-4C8F-9A2C-E76DD756FF49}.Release|Any CPU.ActiveCfg = Release|Any CPU
		{00B70F58-250C-4C8F-9A2C-E76DD756FF49}.Release|Any CPU.Build.0 = Release|Any CPU
		{60760C55-51F1-45A8-915C-B393CAD180D5}.Debug|Any CPU.ActiveCfg = Debug|Any CPU
		{60760C55-51F1-45A8-915C-B393CAD180D5}.Debug|Any CPU.Build.0 = Debug|Any CPU
		{60760C55-51F1-45A8-915C-B393CAD180D5}.Release|Any CPU.ActiveCfg = Release|Any CPU
		{60760C55-51F1-45A8-915C-B393CAD180D5}.Release|Any CPU.Build.0 = Release|Any CPU
		{BAD08B8C-C1F8-4F70-9C76-803804EF418D}.Debug|Any CPU.ActiveCfg = Debug|Any CPU
		{BAD08B8C-C1F8-4F70-9C76-803804EF418D}.Debug|Any CPU.Build.0 = Debug|Any CPU
		{BAD08B8C-C1F8-4F70-9C76-803804EF418D}.Release|Any CPU.ActiveCfg = Release|Any CPU
		{BAD08B8C-C1F8-4F70-9C76-803804EF418D}.Release|Any CPU.Build.0 = Release|Any CPU
		{99E42B0D-49C4-4DF7-B041-3E650F3F30F4}.Debug|Any CPU.ActiveCfg = Debug|Any CPU
		{99E42B0D-49C4-4DF7-B041-3E650F3F30F4}.Debug|Any CPU.Build.0 = Debug|Any CPU
		{99E42B0D-49C4-4DF7-B041-3E650F3F30F4}.Release|Any CPU.ActiveCfg = Release|Any CPU
		{99E42B0D-49C4-4DF7-B041-3E650F3F30F4}.Release|Any CPU.Build.0 = Release|Any CPU
		{339F601C-6F77-4153-907E-5AE42F559BF2}.Debug|Any CPU.ActiveCfg = Debug|Any CPU
		{339F601C-6F77-4153-907E-5AE42F559BF2}.Debug|Any CPU.Build.0 = Debug|Any CPU
		{339F601C-6F77-4153-907E-5AE42F559BF2}.Release|Any CPU.ActiveCfg = Release|Any CPU
		{339F601C-6F77-4153-907E-5AE42F559BF2}.Release|Any CPU.Build.0 = Release|Any CPU
		{FFA3203E-D1E4-41C4-9E82-BA47B32955ED}.Debug|Any CPU.ActiveCfg = Debug|Any CPU
		{FFA3203E-D1E4-41C4-9E82-BA47B32955ED}.Debug|Any CPU.Build.0 = Debug|Any CPU
		{FFA3203E-D1E4-41C4-9E82-BA47B32955ED}.Release|Any CPU.ActiveCfg = Release|Any CPU
		{FFA3203E-D1E4-41C4-9E82-BA47B32955ED}.Release|Any CPU.Build.0 = Release|Any CPU
		{8AB809A8-8471-4626-8DF0-51FD8B609458}.Debug|Any CPU.ActiveCfg = Debug|Any CPU
		{8AB809A8-8471-4626-8DF0-51FD8B609458}.Debug|Any CPU.Build.0 = Debug|Any CPU
		{8AB809A8-8471-4626-8DF0-51FD8B609458}.Release|Any CPU.ActiveCfg = Release|Any CPU
		{8AB809A8-8471-4626-8DF0-51FD8B609458}.Release|Any CPU.Build.0 = Release|Any CPU
		{8E9DBE01-8A6C-4E8F-98C7-37F62C2D4561}.Debug|Any CPU.ActiveCfg = Debug|Any CPU
		{8E9DBE01-8A6C-4E8F-98C7-37F62C2D4561}.Debug|Any CPU.Build.0 = Debug|Any CPU
		{8E9DBE01-8A6C-4E8F-98C7-37F62C2D4561}.Release|Any CPU.ActiveCfg = Release|Any CPU
		{8E9DBE01-8A6C-4E8F-98C7-37F62C2D4561}.Release|Any CPU.Build.0 = Release|Any CPU
		{A09F8D98-B038-4493-845F-14845C2131EC}.Debug|Any CPU.ActiveCfg = Debug|Any CPU
		{A09F8D98-B038-4493-845F-14845C2131EC}.Debug|Any CPU.Build.0 = Debug|Any CPU
		{A09F8D98-B038-4493-845F-14845C2131EC}.Release|Any CPU.ActiveCfg = Release|Any CPU
		{A09F8D98-B038-4493-845F-14845C2131EC}.Release|Any CPU.Build.0 = Release|Any CPU
		{DEB2DD45-29F2-4D81-B08C-DA99D0A8A746}.Debug|Any CPU.ActiveCfg = Debug|Any CPU
		{DEB2DD45-29F2-4D81-B08C-DA99D0A8A746}.Debug|Any CPU.Build.0 = Debug|Any CPU
		{DEB2DD45-29F2-4D81-B08C-DA99D0A8A746}.Release|Any CPU.ActiveCfg = Release|Any CPU
		{DEB2DD45-29F2-4D81-B08C-DA99D0A8A746}.Release|Any CPU.Build.0 = Release|Any CPU
		{3AB904AA-C13A-48C7-AA44-B77B2F23D177}.Debug|Any CPU.ActiveCfg = Debug|Any CPU
		{3AB904AA-C13A-48C7-AA44-B77B2F23D177}.Debug|Any CPU.Build.0 = Debug|Any CPU
		{3AB904AA-C13A-48C7-AA44-B77B2F23D177}.Release|Any CPU.ActiveCfg = Release|Any CPU
		{3AB904AA-C13A-48C7-AA44-B77B2F23D177}.Release|Any CPU.Build.0 = Release|Any CPU
		{41C6DCE3-4CB2-43AB-9E55-3BEA7614B03F}.Debug|Any CPU.ActiveCfg = Debug|Any CPU
		{41C6DCE3-4CB2-43AB-9E55-3BEA7614B03F}.Debug|Any CPU.Build.0 = Debug|Any CPU
		{41C6DCE3-4CB2-43AB-9E55-3BEA7614B03F}.Release|Any CPU.ActiveCfg = Release|Any CPU
		{41C6DCE3-4CB2-43AB-9E55-3BEA7614B03F}.Release|Any CPU.Build.0 = Release|Any CPU
		{1CCE7327-19EF-48BB-A026-067C18EB1AF7}.Debug|Any CPU.ActiveCfg = Debug|Any CPU
		{1CCE7327-19EF-48BB-A026-067C18EB1AF7}.Debug|Any CPU.Build.0 = Debug|Any CPU
		{1CCE7327-19EF-48BB-A026-067C18EB1AF7}.Release|Any CPU.ActiveCfg = Release|Any CPU
		{1CCE7327-19EF-48BB-A026-067C18EB1AF7}.Release|Any CPU.Build.0 = Release|Any CPU
		{2FD093ED-2B40-4BBC-A61B-8BAABF5344D6}.Debug|Any CPU.ActiveCfg = Debug|Any CPU
		{2FD093ED-2B40-4BBC-A61B-8BAABF5344D6}.Debug|Any CPU.Build.0 = Debug|Any CPU
		{2FD093ED-2B40-4BBC-A61B-8BAABF5344D6}.Release|Any CPU.ActiveCfg = Release|Any CPU
		{2FD093ED-2B40-4BBC-A61B-8BAABF5344D6}.Release|Any CPU.Build.0 = Release|Any CPU
	EndGlobalSection
	GlobalSection(SolutionProperties) = preSolution
		HideSolutionNode = FALSE
	EndGlobalSection
	GlobalSection(NestedProjects) = preSolution
		{82684084-13E5-400F-B12E-B1377BC0CCF9} = {493BE2EE-6131-4EA8-B143-A5487751DE33}
		{A74D6FB0-6756-45A3-BDF0-7B2AC3544F59} = {493BE2EE-6131-4EA8-B143-A5487751DE33}
		{B45DF093-46E0-44C5-A584-47AC3B62B93A} = {493BE2EE-6131-4EA8-B143-A5487751DE33}
		{E7745693-4F71-40E6-981D-0BE52BAD266C} = {493BE2EE-6131-4EA8-B143-A5487751DE33}
		{0AFA7E8F-9E9E-4869-A687-AF4383423A4A} = {D7AF02E0-C5D1-4BCD-9D43-56D6BD38A7C3}
		{00B70F58-250C-4C8F-9A2C-E76DD756FF49} = {D7AF02E0-C5D1-4BCD-9D43-56D6BD38A7C3}
		{60760C55-51F1-45A8-915C-B393CAD180D5} = {D7AF02E0-C5D1-4BCD-9D43-56D6BD38A7C3}
		{BAD08B8C-C1F8-4F70-9C76-803804EF418D} = {D7AF02E0-C5D1-4BCD-9D43-56D6BD38A7C3}
		{99E42B0D-49C4-4DF7-B041-3E650F3F30F4} = {D7AF02E0-C5D1-4BCD-9D43-56D6BD38A7C3}
		{339F601C-6F77-4153-907E-5AE42F559BF2} = {B7FCFF26-3EE2-4C7B-A3E2-A0F1C7E30C76}
		{FFA3203E-D1E4-41C4-9E82-BA47B32955ED} = {B7FCFF26-3EE2-4C7B-A3E2-A0F1C7E30C76}
		{8AB809A8-8471-4626-8DF0-51FD8B609458} = {D5A65BD6-1964-48A3-A57F-54E216F7F1D9}
		{8E9DBE01-8A6C-4E8F-98C7-37F62C2D4561} = {D5A65BD6-1964-48A3-A57F-54E216F7F1D9}
		{A09F8D98-B038-4493-845F-14845C2131EC} = {25D03214-5247-4F16-8971-B52B1865381B}
		{DEB2DD45-29F2-4D81-B08C-DA99D0A8A746} = {D7AF02E0-C5D1-4BCD-9D43-56D6BD38A7C3}
		{3AB904AA-C13A-48C7-AA44-B77B2F23D177} = {D5A65BD6-1964-48A3-A57F-54E216F7F1D9}
		{41C6DCE3-4CB2-43AB-9E55-3BEA7614B03F} = {5ABF58D8-F6B8-4C56-8F13-BEE6670D1D82}
		{1CCE7327-19EF-48BB-A026-067C18EB1AF7} = {5ABF58D8-F6B8-4C56-8F13-BEE6670D1D82}
		{2FD093ED-2B40-4BBC-A61B-8BAABF5344D6} = {5ABF58D8-F6B8-4C56-8F13-BEE6670D1D82}
	EndGlobalSection
EndGlobal
